
Microsoft Visual Studio Solution File, Format Version 12.00
# Visual Studio 15
VisualStudioVersion = 15.0.28307.421
MinimumVisualStudioVersion = 10.0.40219.1
Project("{FAE04EC0-301F-11D3-BF4B-00C04F79EFBC}") = "website test", "website test\website test.csproj", "{D3813E2B-F976-4BB1-AE65-B38996EF8F18}"
EndProject
Global
	GlobalSection(SolutionConfigurationPlatforms) = preSolution
		Debug|Any CPU = Debug|Any CPU
		Release|Any CPU = Release|Any CPU
	EndGlobalSection
	GlobalSection(ProjectConfigurationPlatforms) = postSolution
		{D3813E2B-F976-4BB1-AE65-B38996EF8F18}.Debug|Any CPU.ActiveCfg = Debug|Any CPU
		{D3813E2B-F976-4BB1-AE65-B38996EF8F18}.Debug|Any CPU.Build.0 = Debug|Any CPU
		{D3813E2B-F976-4BB1-AE65-B38996EF8F18}.Release|Any CPU.ActiveCfg = Release|Any CPU
		{D3813E2B-F976-4BB1-AE65-B38996EF8F18}.Release|Any CPU.Build.0 = Release|Any CPU
	EndGlobalSection
	GlobalSection(SolutionProperties) = preSolution
		HideSolutionNode = FALSE
	EndGlobalSection
	GlobalSection(ExtensibilityGlobals) = postSolution
		SolutionGuid = {C2737944-67FB-4085-A728-543986CA3B5C}
	EndGlobalSection
EndGlobal
